{
  "requires": true,
  "lockfileVersion": 1,
  "dependencies": {
    "@babel/runtime": {
      "version": "7.12.5",
      "resolved": "https://registry.npmjs.org/@babel/runtime/-/runtime-7.12.5.tgz",
      "integrity": "sha512-plcc+hbExy3McchJCEQG3knOsuh3HH+Prx1P6cLIkET/0dLuQDEnrT+s27Axgc9bqfsmNUNHfscgMUdBpC9xfg==",
      "requires": {
        "regenerator-runtime": "^0.13.4"
      }
    },
    "@jsmini/extend": {
      "version": "0.3.3",
      "resolved": "https://registry.npmjs.org/@jsmini/extend/-/extend-0.3.3.tgz",
      "integrity": "sha512-kR8IOP+cwS1f+RF/GFO4pzODqGtubE0XsqAoYDYsK6JGQ8YLsrGuY2ZolpjvwrzjR/vOpuaYpeS9RUfvowSJjA==",
      "requires": {
        "@babel/runtime": "^7.1.2",
        "@jsmini/is": "^0.8.4"
      }
    },
    "@jsmini/is": {
      "version": "0.8.5",
      "resolved": "https://registry.npmjs.org/@jsmini/is/-/is-0.8.5.tgz",
      "integrity": "sha512-YVyM6emY6JT/b9D53Nsk32dyccwk2JC7brrh+g+HcWLqa/YLcct7/jbSubIM5jb4ziZfRiygep1hCfL4Wd7XQg==",
      "requires": {
        "@babel/runtime": "^7.1.2",
        "@jsmini/type": "^0.9.1"
      }
    },
    "@jsmini/type": {
      "version": "0.9.2",
      "resolved": "https://registry.npmjs.org/@jsmini/type/-/type-0.9.2.tgz",
      "integrity": "sha512-fTsXi1wQQOfSy3KjowGIZE4rrr1U8RpsHG0m/4lxB0s7OD5ghX51PaRL/2heAGD4uDaJzeHYcW9aAwF/v5kUkg==",
      "requires": {
        "@babel/runtime": "^7.1.2"
      }
    },
    "@templatejs/parser": {
      "version": "2.4.0",
      "resolved": "https://registry.npmjs.org/@templatejs/parser/-/parser-2.4.0.tgz",
      "integrity": "sha512-tcv2c7GcDudIF3NemwtO0LhIsFjWyv/NMUn9t2iWzGskbA12QWwck6ucHjsU4APHu2Cx92rqKVU0hMkzToqfsw==",
      "requires": {
        "@babel/runtime": "^7.1.2",
        "@jsmini/extend": "^0.3.3"
      }
    },
    "@templatejs/runtime": {
      "version": "2.4.0",
      "resolved": "https://registry.npmjs.org/@templatejs/runtime/-/runtime-2.4.0.tgz",
      "integrity": "sha512-fhnxE4BqOhmkYvNs5PRireRenZnxsfYQlWzNZX5Fb7muJM9+fehgoNOsgGmwYbCdB65lTlnypQKohDuQz365Lw==",
      "requires": {
        "@babel/runtime": "^7.1.2",
        "@jsmini/extend": "^0.3.3",
        "@jsmini/type": "^0.9.2",
        "@templatejs/parser": "^2.4.0"
      }
    },
    "regenerator-runtime": {
      "version": "0.13.7",
      "resolved": "https://registry.npmjs.org/regenerator-runtime/-/regenerator-runtime-0.13.7.tgz",
      "integrity": "sha512-a54FxoJDIr27pgf7IgeQGxmqUNYrcV338lf/6gH456HZ/PhX+5BcwHXG9ajESmwe6WRO0tAzRUrRmNONWgkrew=="
    },
    "template_js": {
      "version": "2.4.0",
      "resolved": "https://registry.npmjs.org/template_js/-/template_js-2.4.0.tgz",
      "integrity": "sha512-v/+rdh0HSkFGG+BpFMGnYIQd6F5+m+kB3EQrcmvAzVIP43nbAlpuY5Dgrb9jA0csvzfczEqFkLEOrtzw23mo8Q==",
      "requires": {
        "@babel/runtime": "^7.1.2",
        "@jsmini/extend": "^0.3.3",
        "@jsmini/type": "^0.9.2",
        "@templatejs/parser": "^2.4.0",
        "@templatejs/runtime": "^2.4.0"
      }
    }
  }
}
